
Microsoft Visual Studio Solution File, Format Version 12.00
# Visual Studio 15
VisualStudioVersion = 15.0.28010.2048
MinimumVisualStudioVersion = 10.0.40219.1
Project("{FAE04EC0-301F-11D3-BF4B-00C04F79EFBC}") = "Hex", "Hex\Hex.csproj", "{CA41ECDF-7160-431C-B944-2B2BCC14C04A}"
EndProject
Global
	GlobalSection(SolutionConfigurationPlatforms) = preSolution
		Debug|Any CPU = Debug|Any CPU
		Release|Any CPU = Release|Any CPU
	EndGlobalSection
	GlobalSection(ProjectConfigurationPlatforms) = postSolution
		{CA41ECDF-7160-431C-B944-2B2BCC14C04A}.Debug|Any CPU.ActiveCfg = Debug|Any CPU
		{CA41ECDF-7160-431C-B944-2B2BCC14C04A}.Debug|Any CPU.Build.0 = Debug|Any CPU
		{CA41ECDF-7160-431C-B944-2B2BCC14C04A}.Release|Any CPU.ActiveCfg = Release|Any CPU
		{CA41ECDF-7160-431C-B944-2B2BCC14C04A}.Release|Any CPU.Build.0 = Release|Any CPU
	EndGlobalSection
	GlobalSection(SolutionProperties) = preSolution
		HideSolutionNode = FALSE
	EndGlobalSection
	GlobalSection(ExtensibilityGlobals) = postSolution
		SolutionGuid = {E0CEE11A-1483-4D4B-ABC8-6D47ED8BB148}
	EndGlobalSection
EndGlobal
